<?xml version="1.0" encoding="utf-8"?>
<Project ToolsVersion="4.0" xmlns="http://schemas.microsoft.com/developer/msbuild/2003">
  <ItemGroup>
    <Filter Include="리소스 파일">
      <UniqueIdentifier>{67DA6AB6-F800-4c08-8B7A-83BB121AAD01}</UniqueIdentifier>
      <Extensions>rc;ico;cur;bmp;dlg;rc2;rct;bin;rgs;gif;jpg;jpeg;jpe;resx;tiff;tif;png;wav;mfcribbon-ms</Extensions>
    </Filter>
  </ItemGroup>
  <ItemGroup>
    <ClCompile Include="Renderer\CommandQueue.cpp" />
    <ClCompile Include="Renderer\DescriptorHeap.cpp" />
    <ClCompile Include="Renderer\Engine.cpp" />
    <ClCompile Include="Renderer\GraphicDevice.cpp" />
    <ClCompile Include="Renderer\SwapChain.cpp" />
  </ItemGroup>
  <ItemGroup>
    <ClInclude Include="Renderer\CommandQueue.h" />
    <ClInclude Include="Renderer\DescriptorHeap.h" />
    <ClInclude Include="Renderer\Engine.h" />
    <ClInclude Include="Renderer\GraphicDevice.h" />
    <ClInclude Include="Renderer\SwapChain.h" />
    <ClInclude Include="Utility\CoreMinimal.h" />
    <ClInclude Include="Utility\d3dx12.h" />
  </ItemGroup>
</Project>